<?xml version="1.0" encoding="utf-8"?>
<Project ToolsVersion="4.0" xmlns="http://schemas.microsoft.com/developer/msbuild/2003">
  <ItemGroup>
    <Filter Include="Source Files">
      <UniqueIdentifier>{4FC737F1-C7A5-4376-A066-2A32D752A2FF}</UniqueIdentifier>
      <Extensions>cpp;c;cc;cxx;def;odl;idl;hpj;bat;asm;asmx</Extensions>
    </Filter>
    <Filter Include="Header Files">
      <UniqueIdentifier>{93995380-89BD-4b04-88EB-625FBE52EBFB}</UniqueIdentifier>
      <Extensions>h;hpp;hxx;hm;inl;inc;xsd</Extensions>
    </Filter>
    <Filter Include="Resource Files">
      <UniqueIdentifier>{67DA6AB6-F800-4c08-8B7A-83BB121AAD01}</UniqueIdentifier>
      <Extensions>rc;ico;cur;bmp;dlg;rc2;rct;bin;rgs;gif;jpg;jpeg;jpe;resx;tiff;tif;png;wav;mfcribbon-ms</Extensions>
    </Filter>
  </ItemGroup>
  <ItemGroup>
    <ClInclude Include="stdafx.h">
      <Filter>Header Files</Filter>
    </ClInclude>
    <ClInclude Include="targetver.h">
      <Filter>Header Files</Filter>
    </ClInclude>
    <ClInclude Include="Resource.h">
      <Filter>Header Files</Filter>
    </ClInclude>
    <ClInclude Include="specFW2.h">
      <Filter>Header Files</Filter>
    </ClInclude>
    <ClInclude Include="debug.h">
      <Filter>Header Files</Filter>
    </ClInclude>
    <ClInclude Include="CameraIOFunctions.h">
      <Filter>Header Files</Filter>
    </ClInclude>
    <ClInclude Include="CommandServer.h">
      <Filter>Header Files</Filter>
    </ClInclude>
    <ClInclude Include="Hardware.h">
      <Filter>Header Files</Filter>
    </ClInclude>
    <ClInclude Include="heat.h">
      <Filter>Header Files</Filter>
    </ClInclude>
    <ClInclude Include="IOFunctions.h">
      <Filter>Header Files</Filter>
    </ClInclude>
    <ClInclude Include="KillSubscriber.h">
      <Filter>Header Files</Filter>
    </ClInclude>
    <ClInclude Include="ParserThread.h">
      <Filter>Header Files</Filter>
    </ClInclude>
    <ClInclude Include="socketbase.h">
      <Filter>Header Files</Filter>
    </ClInclude>
    <ClInclude Include="FileDefs.h">
      <Filter>Header Files</Filter>
    </ClInclude>
    <ClInclude Include="FileInfo.h">
      <Filter>Header Files</Filter>
    </ClInclude>
    <ClInclude Include="FileVersionInfo.h">
      <Filter>Header Files</Filter>
    </ClInclude>
    <ClInclude Include="flash.h">
      <Filter>Header Files</Filter>
    </ClInclude>
    <ClInclude Include="GetVersions.h">
      <Filter>Header Files</Filter>
    </ClInclude>
    <ClInclude Include="module_ver.h">
      <Filter>Header Files</Filter>
    </ClInclude>
    <ClInclude Include="newres.h">
      <Filter>Header Files</Filter>
    </ClInclude>
    <ClInclude Include="TcpServer.h">
      <Filter>Header Files</Filter>
    </ClInclude>
    <ClInclude Include="temp.h">
      <Filter>Header Files</Filter>
    </ClInclude>
    <ClInclude Include="watchdog.h">
      <Filter>Header Files</Filter>
    </ClInclude>
    <ClInclude Include="Zodiac.h">
      <Filter>Header Files</Filter>
    </ClInclude>
    <ClInclude Include="SpecFWDlg.h">
      <Filter>Header Files</Filter>
    </ClInclude>
    <ClInclude Include="product_ver.h">
      <Filter>Header Files</Filter>
    </ClInclude>
  </ItemGroup>
  <ItemGroup>
    <ClCompile Include="stdafx.cpp">
      <Filter>Source Files</Filter>
    </ClCompile>
    <ClCompile Include="specFW2.cpp">
      <Filter>Source Files</Filter>
    </ClCompile>
    <ClCompile Include="SpecFWDlg.cpp">
      <Filter>Source Files</Filter>
    </ClCompile>
    <ClCompile Include="TcpServer.cpp">
      <Filter>Source Files</Filter>
    </ClCompile>
    <ClCompile Include="ParserThread.cpp">
      <Filter>Source Files</Filter>
    </ClCompile>
    <ClCompile Include="cfghdwr.cpp">
      <Filter>Source Files</Filter>
    </ClCompile>
    <ClCompile Include="CameraIOFunctions.cpp">
      <Filter>Source Files</Filter>
    </ClCompile>
    <ClCompile Include="cfgmisc.cpp">
      <Filter>Source Files</Filter>
    </ClCompile>
    <ClCompile Include="cfgsys.cpp">
      <Filter>Source Files</Filter>
    </ClCompile>
    <ClCompile Include="check_temps.cpp">
      <Filter>Source Files</Filter>
    </ClCompile>
    <ClCompile Include="Clock.cpp">
      <Filter>Source Files</Filter>
    </ClCompile>
    <ClCompile Include="Coarse.cpp">
      <Filter>Source Files</Filter>
    </ClCompile>
    <ClCompile Include="CommandServer.cpp">
      <Filter>Source Files</Filter>
    </ClCompile>
    <ClCompile Include="CommandServerCmds.cpp">
      <Filter>Source Files</Filter>
    </ClCompile>
    <ClCompile Include="Convert.cpp">
      <Filter>Source Files</Filter>
    </ClCompile>
    <ClCompile Include="convert2temp.cpp">
      <Filter>Source Files</Filter>
    </ClCompile>
    <ClCompile Include="Decoder.cpp">
      <Filter>Source Files</Filter>
    </ClCompile>
    <ClCompile Include="delay.cpp">
      <Filter>Source Files</Filter>
    </ClCompile>
    <ClCompile Include="Errormsg.cpp">
      <Filter>Source Files</Filter>
    </ClCompile>
    <ClCompile Include="FileInfo.cpp">
      <Filter>Source Files</Filter>
    </ClCompile>
    <ClCompile Include="FileVersionInfo.cpp">
      <Filter>Source Files</Filter>
    </ClCompile>
    <ClCompile Include="GetCPLDVersion.cpp">
      <Filter>Source Files</Filter>
    </ClCompile>
    <ClCompile Include="GetFPGADetectorVersion.cpp">
      <Filter>Source Files</Filter>
    </ClCompile>
    <ClCompile Include="GetKernelVersion.cpp">
      <Filter>Source Files</Filter>
    </ClCompile>
    <ClCompile Include="GetPersonalityVersion.cpp">
      <Filter>Source Files</Filter>
    </ClCompile>
    <ClCompile Include="Getstat.cpp">
      <Filter>Source Files</Filter>
    </ClCompile>
    <ClCompile Include="Getstat2.cpp">
      <Filter>Source Files</Filter>
    </ClCompile>
    <ClCompile Include="GetTECoolerTemperature.cpp">
      <Filter>Source Files</Filter>
    </ClCompile>
    <ClCompile Include="HeaterThread.cpp">
      <Filter>Source Files</Filter>
    </ClCompile>
    <ClCompile Include="InitThread.cpp">
      <Filter>Source Files</Filter>
    </ClCompile>
    <ClCompile Include="IOFunctions.cpp">
      <Filter>Source Files</Filter>
    </ClCompile>
    <ClCompile Include="KillSubscriber.cpp">
      <Filter>Source Files</Filter>
    </ClCompile>
    <ClCompile Include="limit.cpp">
      <Filter>Source Files</Filter>
    </ClCompile>
    <ClCompile Include="MiscellaneousConstants.cpp">
      <Filter>Source Files</Filter>
    </ClCompile>
    <ClCompile Include="Motor.cpp">
      <Filter>Source Files</Filter>
    </ClCompile>
    <ClCompile Include="MotorTables.cpp">
      <Filter>Source Files</Filter>
    </ClCompile>
    <ClCompile Include="OpticsThread.cpp">
      <Filter>Source Files</Filter>
    </ClCompile>
    <ClCompile Include="Parser.cpp">
      <Filter>Source Files</Filter>
    </ClCompile>
    <ClCompile Include="ReadThread.cpp">
      <Filter>Source Files</Filter>
    </ClCompile>
    <ClCompile Include="ServoControl.cpp">
      <Filter>Source Files</Filter>
    </ClCompile>
    <ClCompile Include="socketbase.cpp">
      <Filter>Source Files</Filter>
    </ClCompile>
    <ClCompile Include="SpecLog.cpp">
      <Filter>Source Files</Filter>
    </ClCompile>
    <ClCompile Include="StatusThread.cpp">
      <Filter>Source Files</Filter>
    </ClCompile>
    <ClCompile Include="StatusThreadUV.cpp">
      <Filter>Source Files</Filter>
    </ClCompile>
    <ClCompile Include="StatusThreadVIS.cpp">
      <Filter>Source Files</Filter>
    </ClCompile>
    <ClCompile Include="TECoolerTemperatureTable.cpp">
      <Filter>Source Files</Filter>
    </ClCompile>
    <ClCompile Include="VegaDetector.cpp">
      <Filter>Source Files</Filter>
    </ClCompile>
    <ClCompile Include="WriteLogEntry.cpp">
      <Filter>Source Files</Filter>
    </ClCompile>
    <ClCompile Include="cmdWB.cpp">
      <Filter>Source Files</Filter>
    </ClCompile>
    <ClCompile Include="cmdWE.cpp">
      <Filter>Source Files</Filter>
    </ClCompile>
    <ClCompile Include="cmdxx.cpp">
      <Filter>Source Files</Filter>
    </ClCompile>
    <ClCompile Include="cmdxz.cpp">
      <Filter>Source Files</Filter>
    </ClCompile>
    <ClCompile Include="cmduz.cpp">
      <Filter>Source Files</Filter>
    </ClCompile>
    <ClCompile Include="cmdvc.cpp">
      <Filter>Source Files</Filter>
    </ClCompile>
    <ClCompile Include="cmdvm.cpp">
      <Filter>Source Files</Filter>
    </ClCompile>
    <ClCompile Include="cmdvt.cpp">
      <Filter>Source Files</Filter>
    </ClCompile>
    <ClCompile Include="cmdvv.cpp">
      <Filter>Source Files</Filter>
    </ClCompile>
    <ClCompile Include="cmdtc.cpp">
      <Filter>Source Files</Filter>
    </ClCompile>
    <ClCompile Include="cmdtm.cpp">
      <Filter>Source Files</Filter>
    </ClCompile>
    <ClCompile Include="cmdtr.cpp">
      <Filter>Source Files</Filter>
    </ClCompile>
    <ClCompile Include="cmdtx.cpp">
      <Filter>Source Files</Filter>
    </ClCompile>
    <ClCompile Include="cmdum.cpp">
      <Filter>Source Files</Filter>
    </ClCompile>
    <ClCompile Include="cmdSZ.cpp">
      <Filter>Source Files</Filter>
    </ClCompile>
    <ClCompile Include="cmdsr.cpp">
      <Filter>Source Files</Filter>
    </ClCompile>
    <ClCompile Include="cmdst.cpp">
      <Filter>Source Files</Filter>
    </ClCompile>
    <ClCompile Include="cmdsx.cpp">
      <Filter>Source Files</Filter>
    </ClCompile>
    <ClCompile Include="cmdsy.cpp">
      <Filter>Source Files</Filter>
    </ClCompile>
    <ClCompile Include="cmdsg.cpp">
      <Filter>Source Files</Filter>
    </ClCompile>
    <ClCompile Include="cmdsi.cpp">
      <Filter>Source Files</Filter>
    </ClCompile>
    <ClCompile Include="cmdsl.cpp">
      <Filter>Source Files</Filter>
    </ClCompile>
    <ClCompile Include="cmdsm.cpp">
      <Filter>Source Files</Filter>
    </ClCompile>
    <ClCompile Include="cmdsc.cpp">
      <Filter>Source Files</Filter>
    </ClCompile>
    <ClCompile Include="cmdsd.cpp">
      <Filter>Source Files</Filter>
    </ClCompile>
    <ClCompile Include="cmdse.cpp">
      <Filter>Source Files</Filter>
    </ClCompile>
    <ClCompile Include="cmdRF.cpp">
      <Filter>Source Files</Filter>
    </ClCompile>
    <ClCompile Include="cmdri.cpp">
      <Filter>Source Files</Filter>
    </ClCompile>
    <ClCompile Include="cmdRM.cpp">
      <Filter>Source Files</Filter>
    </ClCompile>
    <ClCompile Include="cmdro.cpp">
      <Filter>Source Files</Filter>
    </ClCompile>
    <ClCompile Include="cmdrr.cpp">
      <Filter>Source Files</Filter>
    </ClCompile>
    <ClCompile Include="cmdrb.cpp">
      <Filter>Source Files</Filter>
    </ClCompile>
    <ClCompile Include="cmdrc.cpp">
      <Filter>Source Files</Filter>
    </ClCompile>
    <ClCompile Include="cmdrd.cpp">
      <Filter>Source Files</Filter>
    </ClCompile>
    <ClCompile Include="cmdRead.cpp">
      <Filter>Source Files</Filter>
    </ClCompile>
    <ClCompile Include="cmdpz.cpp">
      <Filter>Source Files</Filter>
    </ClCompile>
    <ClCompile Include="cmdqz.cpp">
      <Filter>Source Files</Filter>
    </ClCompile>
    <ClCompile Include="cmdnz.cpp">
      <Filter>Source Files</Filter>
    </ClCompile>
    <ClCompile Include="cmdoh.cpp">
      <Filter>Source Files</Filter>
    </ClCompile>
    <ClCompile Include="cmdpi.cpp">
      <Filter>Source Files</Filter>
    </ClCompile>
    <ClCompile Include="cmdpk.cpp">
      <Filter>Source Files</Filter>
    </ClCompile>
    <ClCompile Include="cmdpm.cpp">
      <Filter>Source Files</Filter>
    </ClCompile>
    <ClCompile Include="cmdmd.cpp">
      <Filter>Source Files</Filter>
    </ClCompile>
    <ClCompile Include="cmdmm.cpp">
      <Filter>Source Files</Filter>
    </ClCompile>
    <ClCompile Include="cmdmw.cpp">
      <Filter>Source Files</Filter>
    </ClCompile>
    <ClCompile Include="cmdmz.cpp">
      <Filter>Source Files</Filter>
    </ClCompile>
    <ClCompile Include="cmdlc.cpp">
      <Filter>Source Files</Filter>
    </ClCompile>
    <ClCompile Include="cmdll.cpp">
      <Filter>Source Files</Filter>
    </ClCompile>
    <ClCompile Include="cmdlm.cpp">
      <Filter>Source Files</Filter>
    </ClCompile>
    <ClCompile Include="cmdlp.cpp">
      <Filter>Source Files</Filter>
    </ClCompile>
    <ClCompile Include="cmdmc.cpp">
      <Filter>Source Files</Filter>
    </ClCompile>
    <ClCompile Include="cmdi4.cpp">
      <Filter>Source Files</Filter>
    </ClCompile>
    <ClCompile Include="cmdid.cpp">
      <Filter>Source Files</Filter>
    </ClCompile>
    <ClCompile Include="cmdis.cpp">
      <Filter>Source Files</Filter>
    </ClCompile>
    <ClCompile Include="cmdit.cpp">
      <Filter>Source Files</Filter>
    </ClCompile>
    <ClCompile Include="cmdkz.cpp">
      <Filter>Source Files</Filter>
    </ClCompile>
    <ClCompile Include="cmdhr.cpp">
      <Filter>Source Files</Filter>
    </ClCompile>
    <ClCompile Include="cmdhz.cpp">
      <Filter>Source Files</Filter>
    </ClCompile>
    <ClCompile Include="cmdi1.cpp">
      <Filter>Source Files</Filter>
    </ClCompile>
    <ClCompile Include="cmdi2.cpp">
      <Filter>Source Files</Filter>
    </ClCompile>
    <ClCompile Include="cmdi3.cpp">
      <Filter>Source Files</Filter>
    </ClCompile>
    <ClCompile Include="cmdhg.cpp">
      <Filter>Source Files</Filter>
    </ClCompile>
    <ClCompile Include="cmdhk.cpp">
      <Filter>Source Files</Filter>
    </ClCompile>
    <ClCompile Include="cmdhm.cpp">
      <Filter>Source Files</Filter>
    </ClCompile>
    <ClCompile Include="cmdho.cpp">
      <Filter>Source Files</Filter>
    </ClCompile>
    <ClCompile Include="cmdh1.cpp">
      <Filter>Source Files</Filter>
    </ClCompile>
    <ClCompile Include="cmdgm.cpp">
      <Filter>Source Files</Filter>
    </ClCompile>
    <ClCompile Include="cmdgs.cpp">
      <Filter>Source Files</Filter>
    </ClCompile>
    <ClCompile Include="cmdgt.cpp">
      <Filter>Source Files</Filter>
    </ClCompile>
    <ClCompile Include="cmdgv.cpp">
      <Filter>Source Files</Filter>
    </ClCompile>
    <ClCompile Include="cmdgc.cpp">
      <Filter>Source Files</Filter>
    </ClCompile>
    <ClCompile Include="cmdgd.cpp">
      <Filter>Source Files</Filter>
    </ClCompile>
    <ClCompile Include="cmdge.cpp">
      <Filter>Source Files</Filter>
    </ClCompile>
    <ClCompile Include="cmdgg.cpp">
      <Filter>Source Files</Filter>
    </ClCompile>
    <ClCompile Include="cmdgl.cpp">
      <Filter>Source Files</Filter>
    </ClCompile>
    <ClCompile Include="cmdes.cpp">
      <Filter>Source Files</Filter>
    </ClCompile>
    <ClCompile Include="cmdf1.cpp">
      <Filter>Source Files</Filter>
    </ClCompile>
    <ClCompile Include="cmdfc.cpp">
      <Filter>Source Files</Filter>
    </ClCompile>
    <ClCompile Include="cmdfm.cpp">
      <Filter>Source Files</Filter>
    </ClCompile>
    <ClCompile Include="cmdGB.cpp">
      <Filter>Source Files</Filter>
    </ClCompile>
    <ClCompile Include="cmddm.cpp">
      <Filter>Source Files</Filter>
    </ClCompile>
    <ClCompile Include="cmdds.cpp">
      <Filter>Source Files</Filter>
    </ClCompile>
    <ClCompile Include="cmdec.cpp">
      <Filter>Source Files</Filter>
    </ClCompile>
    <ClCompile Include="cmddc.cpp">
      <Filter>Source Files</Filter>
    </ClCompile>
    <ClCompile Include="cmdde.cpp">
      <Filter>Source Files</Filter>
    </ClCompile>
    <ClCompile Include="cmddf.cpp">
      <Filter>Source Files</Filter>
    </ClCompile>
    <ClCompile Include="cmdcx.cpp">
      <Filter>Source Files</Filter>
    </ClCompile>
    <ClCompile Include="cmdd0.cpp">
      <Filter>Source Files</Filter>
    </ClCompile>
    <ClCompile Include="cmdd1.cpp">
      <Filter>Source Files</Filter>
    </ClCompile>
    <ClCompile Include="cmdd2.cpp">
      <Filter>Source Files</Filter>
    </ClCompile>
    <ClCompile Include="cmdcd.cpp">
      <Filter>Source Files</Filter>
    </ClCompile>
    <ClCompile Include="cmdch.cpp">
      <Filter>Source Files</Filter>
    </ClCompile>
    <ClCompile Include="cmdcm.cpp">
      <Filter>Source Files</Filter>
    </ClCompile>
    <ClCompile Include="cmdct.cpp">
      <Filter>Source Files</Filter>
    </ClCompile>
    <ClCompile Include="cmdaz.cpp">
      <Filter>Source Files</Filter>
    </ClCompile>
    <ClCompile Include="cmdbm.cpp">
      <Filter>Source Files</Filter>
    </ClCompile>
    <ClCompile Include="cmdc0.cpp">
      <Filter>Source Files</Filter>
    </ClCompile>
    <ClCompile Include="cmdc1.cpp">
      <Filter>Source Files</Filter>
    </ClCompile>
    <ClCompile Include="cmdc2.cpp">
      <Filter>Source Files</Filter>
    </ClCompile>
    <ClCompile Include="cmd4V.cpp">
      <Filter>Source Files</Filter>
    </ClCompile>
    <ClCompile Include="cmd5V.cpp">
      <Filter>Source Files</Filter>
    </ClCompile>
    <ClCompile Include="cmd3t.cpp">
      <Filter>Source Files</Filter>
    </ClCompile>
    <ClCompile Include="cmd3V.cpp">
      <Filter>Source Files</Filter>
    </ClCompile>
    <ClCompile Include="cmd2v.cpp">
      <Filter>Source Files</Filter>
    </ClCompile>
    <ClCompile Include="cmd2d.cpp">
      <Filter>Source Files</Filter>
    </ClCompile>
    <ClCompile Include="cmd1h.cpp">
      <Filter>Source Files</Filter>
    </ClCompile>
    <ClCompile Include="cmd1v.cpp">
      <Filter>Source Files</Filter>
    </ClCompile>
    <ClCompile Include="cmd0c.cpp">
      <Filter>Source Files</Filter>
    </ClCompile>
    <ClCompile Include="cmd0h.cpp">
      <Filter>Source Files</Filter>
    </ClCompile>
    <ClCompile Include="cmd1d.cpp">
      <Filter>Source Files</Filter>
    </ClCompile>
  </ItemGroup>
  <ItemGroup>
    <Image Include="res\Toolbar.bmp">
      <Filter>Resource Files</Filter>
    </Image>
    <Image Include="res\Toolbar256.bmp">
      <Filter>Resource Files</Filter>
    </Image>
    <Image Include="res\specFW2.ico">
      <Filter>Resource Files</Filter>
    </Image>
    <Image Include="res\specFW2Doc.ico">
      <Filter>Resource Files</Filter>
    </Image>
  </ItemGroup>
  <ItemGroup>
    <ResourceCompile Include="specFW2.rc">
      <Filter>Resource Files</Filter>
    </ResourceCompile>
  </ItemGroup>
  <ItemGroup>
    <None Include="res\specFW2.rc2">
      <Filter>Resource Files</Filter>
    </None>
  </ItemGroup>
</Project>